Microsoft Visual Studio Solution File, Format Version 12.00
# Visual Studio 15
VisualStudioVersion = 15.0.28307.168
MinimumVisualStudioVersion = 10.0.40219.1
Project("{9A19103F-16F7-4668-BE54-9A1E7A4F7556}") = "StudentManagementSystem.Api", "StudentManagementSystem.Api\StudentManagementSystem.Api.csproj", "{E90E6618-9E8D-4463-8B15-9CEC07129686}"
EndProject
Project("{9A19103F-16F7-4668-BE54-9A1E7A4F7556}") = "StudentManagementSystem.Models", "StudentManagementSystem.Models\StudentManagementSystem.Models.csproj", "{5F0F97B6-416C-4B84-B737-6646920D95B3}"
EndProject
Project("{9A19103F-16F7-4668-BE54-9A1E7A4F7556}") = "StudentManagementSystem.Logging", "StudentManagementSystem.Logging\StudentManagementSystem.Logging.csproj", "{BE94322D-D8D9-4E26-9182-38B7C40E305F}"
EndProject
Project("{9A19103F-16F7-4668-BE54-9A1E7A4F7556}") = "StudentManagementSystem.Repository", "StudentManagementSystem.Repository\StudentManagementSystem.Repository.csproj", "{D28C7F23-FF16-42A0-8720-EE7FBBA54EED}"
EndProject
Project("{9A19103F-16F7-4668-BE54-9A1E7A4F7556}") = "StudentManagementSystem.DbMigrations", "StudentManagementSystem.DbMigrations\StudentManagementSystem.DbMigrations.csproj", "{1060F89A-6AA4-4248-9812-E32CBC70E25E}"
EndProject
Global
	GlobalSection(SolutionConfigurationPlatforms) = preSolution
		Debug|Any CPU = Debug|Any CPU
		Release|Any CPU = Release|Any CPU
	EndGlobalSection
	GlobalSection(ProjectConfigurationPlatforms) = postSolution
		{E90E6618-9E8D-4463-8B15-9CEC07129686}.Debug|Any CPU.ActiveCfg = Debug|Any CPU
		{E90E6618-9E8D-4463-8B15-9CEC07129686}.Debug|Any CPU.Build.0 = Debug|Any CPU
		{E90E6618-9E8D-4463-8B15-9CEC07129686}.Release|Any CPU.ActiveCfg = Release|Any CPU
		{E90E6618-9E8D-4463-8B15-9CEC07129686}.Release|Any CPU.Build.0 = Release|Any CPU
		{5F0F97B6-416C-4B84-B737-6646920D95B3}.Debug|Any CPU.ActiveCfg = Debug|Any CPU
		{5F0F97B6-416C-4B84-B737-6646920D95B3}.Debug|Any CPU.Build.0 = Debug|Any CPU
		{5F0F97B6-416C-4B84-B737-6646920D95B3}.Release|Any CPU.ActiveCfg = Release|Any CPU
		{5F0F97B6-416C-4B84-B737-6646920D95B3}.Release|Any CPU.Build.0 = Release|Any CPU
		{BE94322D-D8D9-4E26-9182-38B7C40E305F}.Debug|Any CPU.ActiveCfg = Debug|Any CPU
		{BE94322D-D8D9-4E26-9182-38B7C40E305F}.Debug|Any CPU.Build.0 = Debug|Any CPU
		{BE94322D-D8D9-4E26-9182-38B7C40E305F}.Release|Any CPU.ActiveCfg = Release|Any CPU
		{BE94322D-D8D9-4E26-9182-38B7C40E305F}.Release|Any CPU.Build.0 = Release|Any CPU
		{D28C7F23-FF16-42A0-8720-EE7FBBA54EED}.Debug|Any CPU.ActiveCfg = Debug|Any CPU
		{D28C7F23-FF16-42A0-8720-EE7FBBA54EED}.Debug|Any CPU.Build.0 = Debug|Any CPU
		{D28C7F23-FF16-42A0-8720-EE7FBBA54EED}.Release|Any CPU.ActiveCfg = Release|Any CPU
		{D28C7F23-FF16-42A0-8720-EE7FBBA54EED}.Release|Any CPU.Build.0 = Release|Any CPU
		{1060F89A-6AA4-4248-9812-E32CBC70E25E}.Debug|Any CPU.ActiveCfg = Debug|Any CPU
		{1060F89A-6AA4-4248-9812-E32CBC70E25E}.Debug|Any CPU.Build.0 = Debug|Any CPU
		{1060F89A-6AA4-4248-9812-E32CBC70E25E}.Release|Any CPU.ActiveCfg = Release|Any CPU
		{1060F89A-6AA4-4248-9812-E32CBC70E25E}.Release|Any CPU.Build.0 = Release|Any CPU
	EndGlobalSection
	GlobalSection(SolutionProperties) = preSolution
		HideSolutionNode = FALSE
	EndGlobalSection
	GlobalSection(ExtensibilityGlobals) = postSolution
		SolutionGuid = {E5D785A7-5589-4AED-B003-FEED86C3B9F0}
	EndGlobalSection
EndGlobal
